// !$*UTF8*$!
{
	archiveVersion = 1;
	classes = {
	};
	objectVersion = 46;
	objects = {

/* Begin PBXBuildFile section */
		03D1001E16EC579A0005A1A9 /* UIKit.framework in Frameworks */ = {isa = PBXBuildFile; fileRef = 03D1001D16EC579A0005A1A9 /* UIKit.framework */; };
		03D1002016EC579A0005A1A9 /* Foundation.framework in Frameworks */ = {isa = PBXBuildFile; fileRef = 03D1001F16EC579A0005A1A9 /* Foundation.framework */; };
		03D1002216EC579A0005A1A9 /* CoreGraphics.framework in Frameworks */ = {isa = PBXBuildFile; fileRef = 03D1002116EC579A0005A1A9 /* CoreGraphics.framework */; };
		03D1002816EC579A0005A1A9 /* InfoPlist.strings in Resources */ = {isa = PBXBuildFile; fileRef = 03D1002616EC579A0005A1A9 /* InfoPlist.strings */; };
		03D1002A16EC579A0005A1A9 /* main.m in Sources */ = {isa = PBXBuildFile; fileRef = 03D1002916EC579A0005A1A9 /* main.m */; };
		03D1002E16EC579A0005A1A9 /* QSAppDelegate.m in Sources */ = {isa = PBXBuildFile; fileRef = 03D1002D16EC579A0005A1A9 /* QSAppDelegate.m */; };
		03D1003016EC579A0005A1A9 /* Default.png in Resources */ = {isa = PBXBuildFile; fileRef = 03D1002F16EC579A0005A1A9 /* Default.png */; };
		03D1003216EC579A0005A1A9 /* Default@2x.png in Resources */ = {isa = PBXBuildFile; fileRef = 03D1003116EC579A0005A1A9 /* Default@2x.png */; };
		03D1003416EC579A0005A1A9 /* Default-568h@2x.png in Resources */ = {isa = PBXBuildFile; fileRef = 03D1003316EC579A0005A1A9 /* Default-568h@2x.png */; };
		03D1004716EC58300005A1A9 /* QSTodoListViewController.m in Sources */ = {isa = PBXBuildFile; fileRef = 03D1004616EC58300005A1A9 /* QSTodoListViewController.m */; };
		03D1004A16EC58490005A1A9 /* QSTodoService.m in Sources */ = {isa = PBXBuildFile; fileRef = 03D1004916EC58490005A1A9 /* QSTodoService.m */; };
		03D1004D16EC5A680005A1A9 /* MainStoryboard_iPhone.storyboard in Resources */ = {isa = PBXBuildFile; fileRef = 03D1004B16EC5A680005A1A9 /* MainStoryboard_iPhone.storyboard */; };
		03D1006016EC63620005A1A9 /* WindowsAzureMobileServices.framework in Frameworks */ = {isa = PBXBuildFile; fileRef = 03D1005F16EC63620005A1A9 /* WindowsAzureMobileServices.framework */; };
		03D1006516ED41D20005A1A9 /* connected57.png in Resources */ = {isa = PBXBuildFile; fileRef = 03D1006116ED41D20005A1A9 /* connected57.png */; };
		03D1006616ED41D20005A1A9 /* connected72.png in Resources */ = {isa = PBXBuildFile; fileRef = 03D1006216ED41D20005A1A9 /* connected72.png */; };
		03D1006716ED41D20005A1A9 /* connected114.png in Resources */ = {isa = PBXBuildFile; fileRef = 03D1006316ED41D20005A1A9 /* connected114.png */; };
		03D1006816ED41D20005A1A9 /* connected144.png in Resources */ = {isa = PBXBuildFile; fileRef = 03D1006416ED41D20005A1A9 /* connected144.png */; };
		73BCA217633B4F068EEC626E /* libPods.a in Frameworks */ = {isa = PBXBuildFile; fileRef = DA361E5678B446A2879ED442 /* libPods.a */; };
		CB56CB5B177E50D200A29FD6 /* bigMicrophone.png in Resources */ = {isa = PBXBuildFile; fileRef = CB56CB59177E50D200A29FD6 /* bigMicrophone.png */; };
		CB56CB5C177E50D200A29FD6 /* bigMicrophone@2x.png in Resources */ = {isa = PBXBuildFile; fileRef = CB56CB5A177E50D200A29FD6 /* bigMicrophone@2x.png */; };
		CB56CB5F177E517400A29FD6 /* QSChirperViewController.m in Sources */ = {isa = PBXBuildFile; fileRef = CB56CB5E177E517400A29FD6 /* QSChirperViewController.m */; };
		CB56CB61177E53CF00A29FD6 /* AVFoundation.framework in Frameworks */ = {isa = PBXBuildFile; fileRef = CB56CB60177E53CF00A29FD6 /* AVFoundation.framework */; };
		CBC948EF177E85D400E98575 /* hamburger.png in Resources */ = {isa = PBXBuildFile; fileRef = CBC948ED177E85D400E98575 /* hamburger.png */; };
		CBC948F0177E85D400E98575 /* hamburger@2x.png in Resources */ = {isa = PBXBuildFile; fileRef = CBC948EE177E85D400E98575 /* hamburger@2x.png */; };
		CBC948F6177ED45600E98575 /* QSSaveChirpViewController.m in Sources */ = {isa = PBXBuildFile; fileRef = CBC948F5177ED45600E98575 /* QSSaveChirpViewController.m */; };
		CBC948FC177ED5C800E98575 /* CoreAudio.framework in Frameworks */ = {isa = PBXBuildFile; fileRef = CBC948FB177ED5C800E98575 /* CoreAudio.framework */; };
		CBC948FE177ED5CE00E98575 /* AudioToolbox.framework in Frameworks */ = {isa = PBXBuildFile; fileRef = CBC948FD177ED5CE00E98575 /* AudioToolbox.framework */; };
		CBC94900177ED5DB00E98575 /* CoreMedia.framework in Frameworks */ = {isa = PBXBuildFile; fileRef = CBC948FF177ED5DA00E98575 /* CoreMedia.framework */; };
		CBC9490A177EDA1000E98575 /* AGLKContext.m in Sources */ = {isa = PBXBuildFile; fileRef = CBC94903177EDA1000E98575 /* AGLKContext.m */; };
		CBC9490B177EDA1000E98575 /* AGLKVertexAttribArrayBuffer.m in Sources */ = {isa = PBXBuildFile; fileRef = CBC94905177EDA1000E98575 /* AGLKVertexAttribArrayBuffer.m */; };
		CBC9490C177EDA1000E98575 /* ATVertexAttribArray.m in Sources */ = {isa = PBXBuildFile; fileRef = CBC94907177EDA1000E98575 /* ATVertexAttribArray.m */; };
		CBC9490D177EDA1000E98575 /* ATWaveFormViewController.m in Sources */ = {isa = PBXBuildFile; fileRef = CBC94909177EDA1000E98575 /* ATWaveFormViewController.m */; };
		CBC9490F177EDCE900E98575 /* OpenGLES.framework in Frameworks */ = {isa = PBXBuildFile; fileRef = CBC9490E177EDCE900E98575 /* OpenGLES.framework */; };
		CBC94911177EDCF400E98575 /* GLKit.framework in Frameworks */ = {isa = PBXBuildFile; fileRef = CBC94910177EDCF400E98575 /* GLKit.framework */; };
		CBC94914177EE17000E98575 /* SSTextView.m in Sources */ = {isa = PBXBuildFile; fileRef = CBC94913177EE17000E98575 /* SSTextView.m */; };
		CBDF63A1177E2C6300FF1FA1 /* QSWelcomeViewController.m in Sources */ = {isa = PBXBuildFile; fileRef = CBDF63A0177E2C6300FF1FA1 /* QSWelcomeViewController.m */; };
/* End PBXBuildFile section */

/* Begin PBXFileReference section */
		03D1001A16EC579A0005A1A9 /* cheep.app */ = {isa = PBXFileReference; explicitFileType = wrapper.application; includeInIndex = 0; path = cheep.app; sourceTree = BUILT_PRODUCTS_DIR; };
		03D1001D16EC579A0005A1A9 /* UIKit.framework */ = {isa = PBXFileReference; lastKnownFileType = wrapper.framework; name = UIKit.framework; path = System/Library/Frameworks/UIKit.framework; sourceTree = SDKROOT; };
		03D1001F16EC579A0005A1A9 /* Foundation.framework */ = {isa = PBXFileReference; lastKnownFileType = wrapper.framework; name = Foundation.framework; path = System/Library/Frameworks/Foundation.framework; sourceTree = SDKROOT; };
		03D1002116EC579A0005A1A9 /* CoreGraphics.framework */ = {isa = PBXFileReference; lastKnownFileType = wrapper.framework; name = CoreGraphics.framework; path = System/Library/Frameworks/CoreGraphics.framework; sourceTree = SDKROOT; };
		03D1002516EC579A0005A1A9 /* cheep-Info.plist */ = {isa = PBXFileReference; lastKnownFileType = text.plist.xml; path = "cheep-Info.plist"; sourceTree = "<group>"; };
		03D1002716EC579A0005A1A9 /* en */ = {isa = PBXFileReference; lastKnownFileType = text.plist.strings; name = en; path = en.lproj/InfoPlist.strings; sourceTree = "<group>"; };
		03D1002916EC579A0005A1A9 /* main.m */ = {isa = PBXFileReference; lastKnownFileType = sourcecode.c.objc; path = main.m; sourceTree = "<group>"; };
		03D1002B16EC579A0005A1A9 /* cheep-Prefix.pch */ = {isa = PBXFileReference; lastKnownFileType = sourcecode.c.h; path = "cheep-Prefix.pch"; sourceTree = "<group>"; };
		03D1002C16EC579A0005A1A9 /* QSAppDelegate.h */ = {isa = PBXFileReference; lastKnownFileType = sourcecode.c.h; path = QSAppDelegate.h; sourceTree = "<group>"; };
		03D1002D16EC579A0005A1A9 /* QSAppDelegate.m */ = {isa = PBXFileReference; lastKnownFileType = sourcecode.c.objc; path = QSAppDelegate.m; sourceTree = "<group>"; };
		03D1002F16EC579A0005A1A9 /* Default.png */ = {isa = PBXFileReference; lastKnownFileType = image.png; path = Default.png; sourceTree = "<group>"; };
		03D1003116EC579A0005A1A9 /* Default@2x.png */ = {isa = PBXFileReference; lastKnownFileType = image.png; path = "Default@2x.png"; sourceTree = "<group>"; };
		03D1003316EC579A0005A1A9 /* Default-568h@2x.png */ = {isa = PBXFileReference; lastKnownFileType = image.png; path = "Default-568h@2x.png"; sourceTree = "<group>"; };
		03D1004516EC58300005A1A9 /* QSTodoListViewController.h */ = {isa = PBXFileReference; fileEncoding = 4; lastKnownFileType = sourcecode.c.h; path = QSTodoListViewController.h; sourceTree = "<group>"; };
		03D1004616EC58300005A1A9 /* QSTodoListViewController.m */ = {isa = PBXFileReference; fileEncoding = 4; lastKnownFileType = sourcecode.c.objc; path = QSTodoListViewController.m; sourceTree = "<group>"; };
		03D1004816EC58490005A1A9 /* QSTodoService.h */ = {isa = PBXFileReference; fileEncoding = 4; lastKnownFileType = sourcecode.c.h; path = QSTodoService.h; sourceTree = "<group>"; };
		03D1004916EC58490005A1A9 /* QSTodoService.m */ = {isa = PBXFileReference; fileEncoding = 4; lastKnownFileType = sourcecode.c.objc; path = QSTodoService.m; sourceTree = "<group>"; };
		03D1004B16EC5A680005A1A9 /* MainStoryboard_iPhone.storyboard */ = {isa = PBXFileReference; fileEncoding = 4; lastKnownFileType = file.storyboard; path = MainStoryboard_iPhone.storyboard; sourceTree = "<group>"; };
		03D1005F16EC63620005A1A9 /* WindowsAzureMobileServices.framework */ = {isa = PBXFileReference; lastKnownFileType = wrapper.framework; path = WindowsAzureMobileServices.framework; sourceTree = "<group>"; };
		03D1006116ED41D20005A1A9 /* connected57.png */ = {isa = PBXFileReference; lastKnownFileType = image.png; path = connected57.png; sourceTree = "<group>"; };
		03D1006216ED41D20005A1A9 /* connected72.png */ = {isa = PBXFileReference; lastKnownFileType = image.png; path = connected72.png; sourceTree = "<group>"; };
		03D1006316ED41D20005A1A9 /* connected114.png */ = {isa = PBXFileReference; lastKnownFileType = image.png; path = connected114.png; sourceTree = "<group>"; };
		03D1006416ED41D20005A1A9 /* connected144.png */ = {isa = PBXFileReference; lastKnownFileType = image.png; path = connected144.png; sourceTree = "<group>"; };
		7EC49E7E89D34DCAAE17831F /* Pods.xcconfig */ = {isa = PBXFileReference; includeInIndex = 1; lastKnownFileType = text.xcconfig; name = Pods.xcconfig; path = Pods/Pods.xcconfig; sourceTree = SOURCE_ROOT; };
		CB56CB59177E50D200A29FD6 /* bigMicrophone.png */ = {isa = PBXFileReference; lastKnownFileType = image.png; path = bigMicrophone.png; sourceTree = "<group>"; };
		CB56CB5A177E50D200A29FD6 /* bigMicrophone@2x.png */ = {isa = PBXFileReference; lastKnownFileType = image.png; path = "bigMicrophone@2x.png"; sourceTree = "<group>"; };
		CB56CB5D177E517400A29FD6 /* QSChirperViewController.h */ = {isa = PBXFileReference; fileEncoding = 4; lastKnownFileType = sourcecode.c.h; path = QSChirperViewController.h; sourceTree = "<group>"; };
		CB56CB5E177E517400A29FD6 /* QSChirperViewController.m */ = {isa = PBXFileReference; fileEncoding = 4; lastKnownFileType = sourcecode.c.objc; path = QSChirperViewController.m; sourceTree = "<group>"; };
		CB56CB60177E53CF00A29FD6 /* AVFoundation.framework */ = {isa = PBXFileReference; lastKnownFileType = wrapper.framework; name = AVFoundation.framework; path = System/Library/Frameworks/AVFoundation.framework; sourceTree = SDKROOT; };
		CBC948ED177E85D400E98575 /* hamburger.png */ = {isa = PBXFileReference; lastKnownFileType = image.png; path = hamburger.png; sourceTree = "<group>"; };
		CBC948EE177E85D400E98575 /* hamburger@2x.png */ = {isa = PBXFileReference; lastKnownFileType = image.png; path = "hamburger@2x.png"; sourceTree = "<group>"; };
		CBC948F4177ED45600E98575 /* QSSaveChirpViewController.h */ = {isa = PBXFileReference; fileEncoding = 4; lastKnownFileType = sourcecode.c.h; path = QSSaveChirpViewController.h; sourceTree = "<group>"; };
		CBC948F5177ED45600E98575 /* QSSaveChirpViewController.m */ = {isa = PBXFileReference; fileEncoding = 4; lastKnownFileType = sourcecode.c.objc; path = QSSaveChirpViewController.m; sourceTree = "<group>"; };
		CBC948FB177ED5C800E98575 /* CoreAudio.framework */ = {isa = PBXFileReference; lastKnownFileType = wrapper.framework; name = CoreAudio.framework; path = System/Library/Frameworks/CoreAudio.framework; sourceTree = SDKROOT; };
		CBC948FD177ED5CE00E98575 /* AudioToolbox.framework */ = {isa = PBXFileReference; lastKnownFileType = wrapper.framework; name = AudioToolbox.framework; path = System/Library/Frameworks/AudioToolbox.framework; sourceTree = SDKROOT; };
		CBC948FF177ED5DA00E98575 /* CoreMedia.framework */ = {isa = PBXFileReference; lastKnownFileType = wrapper.framework; name = CoreMedia.framework; path = System/Library/Frameworks/CoreMedia.framework; sourceTree = SDKROOT; };
		CBC94902177EDA1000E98575 /* AGLKContext.h */ = {isa = PBXFileReference; fileEncoding = 4; lastKnownFileType = sourcecode.c.h; path = AGLKContext.h; sourceTree = "<group>"; };
		CBC94903177EDA1000E98575 /* AGLKContext.m */ = {isa = PBXFileReference; fileEncoding = 4; lastKnownFileType = sourcecode.c.objc; path = AGLKContext.m; sourceTree = "<group>"; };
		CBC94904177EDA1000E98575 /* AGLKVertexAttribArrayBuffer.h */ = {isa = PBXFileReference; fileEncoding = 4; lastKnownFileType = sourcecode.c.h; path = AGLKVertexAttribArrayBuffer.h; sourceTree = "<group>"; };
		CBC94905177EDA1000E98575 /* AGLKVertexAttribArrayBuffer.m */ = {isa = PBXFileReference; fileEncoding = 4; lastKnownFileType = sourcecode.c.objc; path = AGLKVertexAttribArrayBuffer.m; sourceTree = "<group>"; };
		CBC94906177EDA1000E98575 /* ATVertexAttribArray.h */ = {isa = PBXFileReference; fileEncoding = 4; lastKnownFileType = sourcecode.c.h; path = ATVertexAttribArray.h; sourceTree = "<group>"; };
		CBC94907177EDA1000E98575 /* ATVertexAttribArray.m */ = {isa = PBXFileReference; fileEncoding = 4; lastKnownFileType = sourcecode.c.objc; path = ATVertexAttribArray.m; sourceTree = "<group>"; };
		CBC94908177EDA1000E98575 /* ATWaveFormViewController.h */ = {isa = PBXFileReference; fileEncoding = 4; lastKnownFileType = sourcecode.c.h; path = ATWaveFormViewController.h; sourceTree = "<group>"; };
		CBC94909177EDA1000E98575 /* ATWaveFormViewController.m */ = {isa = PBXFileReference; fileEncoding = 4; lastKnownFileType = sourcecode.c.objc; path = ATWaveFormViewController.m; sourceTree = "<group>"; };
		CBC9490E177EDCE900E98575 /* OpenGLES.framework */ = {isa = PBXFileReference; lastKnownFileType = wrapper.framework; name = OpenGLES.framework; path = System/Library/Frameworks/OpenGLES.framework; sourceTree = SDKROOT; };
		CBC94910177EDCF400E98575 /* GLKit.framework */ = {isa = PBXFileReference; lastKnownFileType = wrapper.framework; name = GLKit.framework; path = System/Library/Frameworks/GLKit.framework; sourceTree = SDKROOT; };
		CBC94912177EE17000E98575 /* SSTextView.h */ = {isa = PBXFileReference; fileEncoding = 4; lastKnownFileType = sourcecode.c.h; path = SSTextView.h; sourceTree = "<group>"; };
		CBC94913177EE17000E98575 /* SSTextView.m */ = {isa = PBXFileReference; fileEncoding = 4; lastKnownFileType = sourcecode.c.objc; path = SSTextView.m; sourceTree = "<group>"; };
		CBDF639F177E2C6300FF1FA1 /* QSWelcomeViewController.h */ = {isa = PBXFileReference; fileEncoding = 4; lastKnownFileType = sourcecode.c.h; path = QSWelcomeViewController.h; sourceTree = "<group>"; };
		CBDF63A0177E2C6300FF1FA1 /* QSWelcomeViewController.m */ = {isa = PBXFileReference; fileEncoding = 4; lastKnownFileType = sourcecode.c.objc; path = QSWelcomeViewController.m; sourceTree = "<group>"; };
		DA361E5678B446A2879ED442 /* libPods.a */ = {isa = PBXFileReference; explicitFileType = archive.ar; includeInIndex = 0; path = libPods.a; sourceTree = BUILT_PRODUCTS_DIR; };
/* End PBXFileReference section */

/* Begin PBXFrameworksBuildPhase section */
		03D1001716EC579A0005A1A9 /* Frameworks */ = {
			isa = PBXFrameworksBuildPhase;
			buildActionMask = 2147483647;
			files = (
				CBC94911177EDCF400E98575 /* GLKit.framework in Frameworks */,
				CBC9490F177EDCE900E98575 /* OpenGLES.framework in Frameworks */,
				CBC94900177ED5DB00E98575 /* CoreMedia.framework in Frameworks */,
				CBC948FE177ED5CE00E98575 /* AudioToolbox.framework in Frameworks */,
				CBC948FC177ED5C800E98575 /* CoreAudio.framework in Frameworks */,
				CB56CB61177E53CF00A29FD6 /* AVFoundation.framework in Frameworks */,
				03D1001E16EC579A0005A1A9 /* UIKit.framework in Frameworks */,
				03D1002016EC579A0005A1A9 /* Foundation.framework in Frameworks */,
				03D1002216EC579A0005A1A9 /* CoreGraphics.framework in Frameworks */,
				03D1006016EC63620005A1A9 /* WindowsAzureMobileServices.framework in Frameworks */,
				73BCA217633B4F068EEC626E /* libPods.a in Frameworks */,
			);
			runOnlyForDeploymentPostprocessing = 0;
		};
/* End PBXFrameworksBuildPhase section */

/* Begin PBXGroup section */
		03D1001116EC579A0005A1A9 = {
			isa = PBXGroup;
			children = (
				CBC94910177EDCF400E98575 /* GLKit.framework */,
				CBC9490E177EDCE900E98575 /* OpenGLES.framework */,
				CBC948FF177ED5DA00E98575 /* CoreMedia.framework */,
				CBC948FD177ED5CE00E98575 /* AudioToolbox.framework */,
				CBC948FB177ED5C800E98575 /* CoreAudio.framework */,
				CB56CB60177E53CF00A29FD6 /* AVFoundation.framework */,
				03D1002316EC579A0005A1A9 /* cheep */,
				03D1001C16EC579A0005A1A9 /* Frameworks */,
				03D1001B16EC579A0005A1A9 /* Products */,
				7EC49E7E89D34DCAAE17831F /* Pods.xcconfig */,
			);
			sourceTree = "<group>";
		};
		03D1001B16EC579A0005A1A9 /* Products */ = {
			isa = PBXGroup;
			children = (
				03D1001A16EC579A0005A1A9 /* cheep.app */,
			);
			name = Products;
			sourceTree = "<group>";
		};
		03D1001C16EC579A0005A1A9 /* Frameworks */ = {
			isa = PBXGroup;
			children = (
				03D1005F16EC63620005A1A9 /* WindowsAzureMobileServices.framework */,
				03D1001D16EC579A0005A1A9 /* UIKit.framework */,
				03D1001F16EC579A0005A1A9 /* Foundation.framework */,
				03D1002116EC579A0005A1A9 /* CoreGraphics.framework */,
				DA361E5678B446A2879ED442 /* libPods.a */,
			);
			name = Frameworks;
			sourceTree = "<group>";
		};
		03D1002316EC579A0005A1A9 /* cheep */ = {
			isa = PBXGroup;
			children = (
				CBC94912177EE17000E98575 /* SSTextView.h */,
				CBC94913177EE17000E98575 /* SSTextView.m */,
				CBC94901177EDA1000E98575 /* sound view */,
				CB56CB58177E50D200A29FD6 /* images */,
				03D1004816EC58490005A1A9 /* QSTodoService.h */,
				03D1004916EC58490005A1A9 /* QSTodoService.m */,
				03D1004516EC58300005A1A9 /* QSTodoListViewController.h */,
				03D1004616EC58300005A1A9 /* QSTodoListViewController.m */,
				03D1004B16EC5A680005A1A9 /* MainStoryboard_iPhone.storyboard */,
				03D1002C16EC579A0005A1A9 /* QSAppDelegate.h */,
				03D1002D16EC579A0005A1A9 /* QSAppDelegate.m */,
				03D1002416EC579A0005A1A9 /* Supporting Files */,
				CBDF639F177E2C6300FF1FA1 /* QSWelcomeViewController.h */,
				CBDF63A0177E2C6300FF1FA1 /* QSWelcomeViewController.m */,
				CB56CB5D177E517400A29FD6 /* QSChirperViewController.h */,
				CB56CB5E177E517400A29FD6 /* QSChirperViewController.m */,
				CBC948F4177ED45600E98575 /* QSSaveChirpViewController.h */,
				CBC948F5177ED45600E98575 /* QSSaveChirpViewController.m */,
			);
			path = cheep;
			sourceTree = "<group>";
		};
		03D1002416EC579A0005A1A9 /* Supporting Files */ = {
			isa = PBXGroup;
			children = (
				03D1006116ED41D20005A1A9 /* connected57.png */,
				03D1006216ED41D20005A1A9 /* connected72.png */,
				03D1006316ED41D20005A1A9 /* connected114.png */,
				03D1006416ED41D20005A1A9 /* connected144.png */,
				03D1002516EC579A0005A1A9 /* cheep-Info.plist */,
				03D1002616EC579A0005A1A9 /* InfoPlist.strings */,
				03D1002916EC579A0005A1A9 /* main.m */,
				03D1002B16EC579A0005A1A9 /* cheep-Prefix.pch */,
				03D1002F16EC579A0005A1A9 /* Default.png */,
				03D1003116EC579A0005A1A9 /* Default@2x.png */,
				03D1003316EC579A0005A1A9 /* Default-568h@2x.png */,
			);
			name = "Supporting Files";
			sourceTree = "<group>";
		};
		CB56CB58177E50D200A29FD6 /* images */ = {
			isa = PBXGroup;
			children = (
				CBC948ED177E85D400E98575 /* hamburger.png */,
				CBC948EE177E85D400E98575 /* hamburger@2x.png */,
				CB56CB59177E50D200A29FD6 /* bigMicrophone.png */,
				CB56CB5A177E50D200A29FD6 /* bigMicrophone@2x.png */,
			);
			path = images;
			sourceTree = "<group>";
		};
		CBC94901177EDA1000E98575 /* sound view */ = {
			isa = PBXGroup;
			children = (
				CBC94902177EDA1000E98575 /* AGLKContext.h */,
				CBC94903177EDA1000E98575 /* AGLKContext.m */,
				CBC94904177EDA1000E98575 /* AGLKVertexAttribArrayBuffer.h */,
				CBC94905177EDA1000E98575 /* AGLKVertexAttribArrayBuffer.m */,
				CBC94906177EDA1000E98575 /* ATVertexAttribArray.h */,
				CBC94907177EDA1000E98575 /* ATVertexAttribArray.m */,
				CBC94908177EDA1000E98575 /* ATWaveFormViewController.h */,
				CBC94909177EDA1000E98575 /* ATWaveFormViewController.m */,
			);
			path = "sound view";
			sourceTree = "<group>";
		};
/* End PBXGroup section */

/* Begin PBXNativeTarget section */
		03D1001916EC579A0005A1A9 /* cheep */ = {
			isa = PBXNativeTarget;
			buildConfigurationList = 03D1004016EC579A0005A1A9 /* Build configuration list for PBXNativeTarget "cheep" */;
			buildPhases = (
				70519CEDE9674D3DBEBE4CF4 /* Check Pods Manifest.lock */,
				03D1001616EC579A0005A1A9 /* Sources */,
				03D1001716EC579A0005A1A9 /* Frameworks */,
				03D1001816EC579A0005A1A9 /* Resources */,
				3D7E6E03096E42FD8DBEBF51 /* Copy Pods Resources */,
			);
			buildRules = (
			);
			dependencies = (
			);
			name = cheep;
			productName = cheep;
			productReference = 03D1001A16EC579A0005A1A9 /* cheep.app */;
			productType = "com.apple.product-type.application";
		};
/* End PBXNativeTarget section */

/* Begin PBXProject section */
		03D1001216EC579A0005A1A9 /* Project object */ = {
			isa = PBXProject;
			attributes = {
				CLASSPREFIX = QS;
				LastUpgradeCheck = 0460;
				ORGANIZATIONNAME = MobileServices;
			};
			buildConfigurationList = 03D1001516EC579A0005A1A9 /* Build configuration list for PBXProject "cheep" */;
			compatibilityVersion = "Xcode 3.2";
			developmentRegion = English;
			hasScannedForEncodings = 0;
			knownRegions = (
				en,
			);
			mainGroup = 03D1001116EC579A0005A1A9;
			productRefGroup = 03D1001B16EC579A0005A1A9 /* Products */;
			projectDirPath = "";
			projectRoot = "";
			targets = (
				03D1001916EC579A0005A1A9 /* cheep */,
			);
		};
/* End PBXProject section */

/* Begin PBXResourcesBuildPhase section */
		03D1001816EC579A0005A1A9 /* Resources */ = {
			isa = PBXResourcesBuildPhase;
			buildActionMask = 2147483647;
			files = (
				03D1002816EC579A0005A1A9 /* InfoPlist.strings in Resources */,
				03D1003016EC579A0005A1A9 /* Default.png in Resources */,
				03D1003216EC579A0005A1A9 /* Default@2x.png in Resources */,
				03D1003416EC579A0005A1A9 /* Default-568h@2x.png in Resources */,
				03D1004D16EC5A680005A1A9 /* MainStoryboard_iPhone.storyboard in Resources */,
				03D1006516ED41D20005A1A9 /* connected57.png in Resources */,
				03D1006616ED41D20005A1A9 /* connected72.png in Resources */,
				03D1006716ED41D20005A1A9 /* connected114.png in Resources */,
				03D1006816ED41D20005A1A9 /* connected144.png in Resources */,
				CB56CB5B177E50D200A29FD6 /* bigMicrophone.png in Resources */,
				CB56CB5C177E50D200A29FD6 /* bigMicrophone@2x.png in Resources */,
				CBC948EF177E85D400E98575 /* hamburger.png in Resources */,
				CBC948F0177E85D400E98575 /* hamburger@2x.png in Resources */,
			);
			runOnlyForDeploymentPostprocessing = 0;
		};
/* End PBXResourcesBuildPhase section */

/* Begin PBXShellScriptBuildPhase section */
		3D7E6E03096E42FD8DBEBF51 /* Copy Pods Resources */ = {
			isa = PBXShellScriptBuildPhase;
			buildActionMask = 2147483647;
			files = (
			);
			inputPaths = (
			);
			name = "Copy Pods Resources";
			outputPaths = (
			);
			runOnlyForDeploymentPostprocessing = 0;
			shellPath = /bin/sh;
			shellScript = "\"${SRCROOT}/Pods/Pods-resources.sh\"\n";
		};
		70519CEDE9674D3DBEBE4CF4 /* Check Pods Manifest.lock */ = {
			isa = PBXShellScriptBuildPhase;
			buildActionMask = 2147483647;
			files = (
			);
			inputPaths = (
			);
			name = "Check Pods Manifest.lock";
			outputPaths = (
			);
			runOnlyForDeploymentPostprocessing = 0;
			shellPath = /bin/sh;
			shellScript = "diff \"${PODS_ROOT}/../Podfile.lock\" \"${PODS_ROOT}/Manifest.lock\" > /dev/null\nif [[ $? != 0 ]] ; then\n    cat << EOM\nerror: The sandbox is not in sync with the Podfile.lock. Run 'pod install' or update your CocoaPods installation.\nEOM\n    exit 1\nfi\n";
		};
/* End PBXShellScriptBuildPhase section */

/* Begin PBXSourcesBuildPhase section */
		03D1001616EC579A0005A1A9 /* Sources */ = {
			isa = PBXSourcesBuildPhase;
			buildActionMask = 2147483647;
			files = (
				03D1002A16EC579A0005A1A9 /* main.m in Sources */,
				03D1002E16EC579A0005A1A9 /* QSAppDelegate.m in Sources */,
				03D1004716EC58300005A1A9 /* QSTodoListViewController.m in Sources */,
				03D1004A16EC58490005A1A9 /* QSTodoService.m in Sources */,
				CBDF63A1177E2C6300FF1FA1 /* QSWelcomeViewController.m in Sources */,
				CB56CB5F177E517400A29FD6 /* QSChirperViewController.m in Sources */,
				CBC948F6177ED45600E98575 /* QSSaveChirpViewController.m in Sources */,
				CBC9490A177EDA1000E98575 /* AGLKContext.m in Sources */,
				CBC9490B177EDA1000E98575 /* AGLKVertexAttribArrayBuffer.m in Sources */,
				CBC9490C177EDA1000E98575 /* ATVertexAttribArray.m in Sources */,
				CBC9490D177EDA1000E98575 /* ATWaveFormViewController.m in Sources */,
				CBC94914177EE17000E98575 /* SSTextView.m in Sources */,
			);
			runOnlyForDeploymentPostprocessing = 0;
		};
/* End PBXSourcesBuildPhase section */

/* Begin PBXVariantGroup section */
		03D1002616EC579A0005A1A9 /* InfoPlist.strings */ = {
			isa = PBXVariantGroup;
			children = (
				03D1002716EC579A0005A1A9 /* en */,
			);
			name = InfoPlist.strings;
			sourceTree = "<group>";
		};
/* End PBXVariantGroup section */

/* Begin XCBuildConfiguration section */
		03D1003E16EC579A0005A1A9 /* Debug */ = {
			isa = XCBuildConfiguration;
			buildSettings = {
				ALWAYS_SEARCH_USER_PATHS = NO;
				CLANG_CXX_LANGUAGE_STANDARD = "gnu++0x";
				CLANG_CXX_LIBRARY = "libc++";
				CLANG_ENABLE_OBJC_ARC = YES;
				CLANG_WARN_CONSTANT_CONVERSION = YES;
				CLANG_WARN_EMPTY_BODY = YES;
				CLANG_WARN_ENUM_CONVERSION = YES;
				CLANG_WARN_INT_CONVERSION = YES;
				CLANG_WARN__DUPLICATE_METHOD_MATCH = YES;
				"CODE_SIGN_IDENTITY[sdk=iphoneos*]" = "iPhone Developer";
				COPY_PHASE_STRIP = NO;
				GCC_C_LANGUAGE_STANDARD = gnu99;
				GCC_DYNAMIC_NO_PIC = NO;
				GCC_OPTIMIZATION_LEVEL = 0;
				GCC_PREPROCESSOR_DEFINITIONS = (
					"DEBUG=1",
					"$(inherited)",
				);
				GCC_SYMBOLS_PRIVATE_EXTERN = NO;
				GCC_WARN_ABOUT_RETURN_TYPE = YES;
				GCC_WARN_UNINITIALIZED_AUTOS = YES;
				GCC_WARN_UNUSED_VARIABLE = YES;
				IPHONEOS_DEPLOYMENT_TARGET = 5.1;
				ONLY_ACTIVE_ARCH = YES;
				SDKROOT = iphoneos;
				TARGETED_DEVICE_FAMILY = "1,2";
			};
			name = Debug;
		};
		03D1003F16EC579A0005A1A9 /* Release */ = {
			isa = XCBuildConfiguration;
			buildSettings = {
				ALWAYS_SEARCH_USER_PATHS = NO;
				CLANG_CXX_LANGUAGE_STANDARD = "gnu++0x";
				CLANG_CXX_LIBRARY = "libc++";
				CLANG_ENABLE_OBJC_ARC = YES;
				CLANG_WARN_CONSTANT_CONVERSION = YES;
				CLANG_WARN_EMPTY_BODY = YES;
				CLANG_WARN_ENUM_CONVERSION = YES;
				CLANG_WARN_INT_CONVERSION = YES;
				CLANG_WARN__DUPLICATE_METHOD_MATCH = YES;
				"CODE_SIGN_IDENTITY[sdk=iphoneos*]" = "iPhone Developer";
				COPY_PHASE_STRIP = YES;
				GCC_C_LANGUAGE_STANDARD = gnu99;
				GCC_WARN_ABOUT_RETURN_TYPE = YES;
				GCC_WARN_UNINITIALIZED_AUTOS = YES;
				GCC_WARN_UNUSED_VARIABLE = YES;
				IPHONEOS_DEPLOYMENT_TARGET = 5.1;
				OTHER_CFLAGS = "-DNS_BLOCK_ASSERTIONS=1";
				SDKROOT = iphoneos;
				TARGETED_DEVICE_FAMILY = "1,2";
				VALIDATE_PRODUCT = YES;
			};
			name = Release;
		};
		03D1004116EC579A0005A1A9 /* Debug */ = {
			isa = XCBuildConfiguration;
			baseConfigurationReference = 7EC49E7E89D34DCAAE17831F /* Pods.xcconfig */;
			buildSettings = {
				FRAMEWORK_SEARCH_PATHS = (
					"$(inherited)",
					"\"$(SRCROOT)\"",
				);
				GCC_PRECOMPILE_PREFIX_HEADER = YES;
				GCC_PREFIX_HEADER = "cheep/cheep-Prefix.pch";
				INFOPLIST_FILE = "cheep/cheep-Info.plist";
				IPHONEOS_DEPLOYMENT_TARGET = 5.1;
				PRODUCT_NAME = "$(TARGET_NAME)";
				TARGETED_DEVICE_FAMILY = 1;
				WRAPPER_EXTENSION = app;
			};
			name = Debug;
		};
		03D1004216EC579A0005A1A9 /* Release */ = {
			isa = XCBuildConfiguration;
			baseConfigurationReference = 7EC49E7E89D34DCAAE17831F /* Pods.xcconfig */;
			buildSettings = {
				FRAMEWORK_SEARCH_PATHS = (
					"$(inherited)",
					"\"$(SRCROOT)\"",
				);
				GCC_PRECOMPILE_PREFIX_HEADER = YES;
				GCC_PREFIX_HEADER = "cheep/cheep-Prefix.pch";
				INFOPLIST_FILE = "cheep/cheep-Info.plist";
				IPHONEOS_DEPLOYMENT_TARGET = 5.1;
				PRODUCT_NAME = "$(TARGET_NAME)";
				TARGETED_DEVICE_FAMILY = 1;
				WRAPPER_EXTENSION = app;
			};
			name = Release;
		};
/* End XCBuildConfiguration section */

/* Begin XCConfigurationList section */
		03D1001516EC579A0005A1A9 /* Build configuration list for PBXProject "cheep" */ = {
			isa = XCConfigurationList;
			buildConfigurations = (
				03D1003E16EC579A0005A1A9 /* Debug */,
				03D1003F16EC579A0005A1A9 /* Release */,
			);
			defaultConfigurationIsVisible = 0;
			defaultConfigurationName = Release;
		};
		03D1004016EC579A0005A1A9 /* Build configuration list for PBXNativeTarget "cheep" */ = {
			isa = XCConfigurationList;
			buildConfigurations = (
				03D1004116EC579A0005A1A9 /* Debug */,
				03D1004216EC579A0005A1A9 /* Release */,
			);
			defaultConfigurationIsVisible = 0;
			defaultConfigurationName = Release;
		};
/* End XCConfigurationList section */
	};
	rootObject = 03D1001216EC579A0005A1A9 /* Project object */;
}
